// !$*UTF8*$!
{
	archiveVersion = 1;
	classes = {
	};
	objectVersion = 52;
	objects = {

/* Begin PBXBuildFile section */
		B90610DE26C5D8890089DAD1 /* RoverModel.swift in Sources */ = {isa = PBXBuildFile; fileRef = B90610DD26C5D8890089DAD1 /* RoverModel.swift */; };
		B90610E126C5DDC00089DAD1 /* Alamofire in Frameworks */ = {isa = PBXBuildFile; productRef = B90610E026C5DDC00089DAD1 /* Alamofire */; };
		B90610E426C5E5280089DAD1 /* Kingfisher in Frameworks */ = {isa = PBXBuildFile; productRef = B90610E326C5E5280089DAD1 /* Kingfisher */; };
		B90610E726C5EE670089DAD1 /* RoverCollectionViewCell.swift in Sources */ = {isa = PBXBuildFile; fileRef = B90610E526C5EE670089DAD1 /* RoverCollectionViewCell.swift */; };
		B90610E826C5EE670089DAD1 /* RoverCollectionViewCell.xib in Resources */ = {isa = PBXBuildFile; fileRef = B90610E626C5EE670089DAD1 /* RoverCollectionViewCell.xib */; };
		B91C8A0F26CB1DC600178EF4 /* Extension+URLComponents.swift in Sources */ = {isa = PBXBuildFile; fileRef = B91C8A0E26CB1DC600178EF4 /* Extension+URLComponents.swift */; };
		B91E9A5526C679F300C350FE /* Extension+UINib.swift in Sources */ = {isa = PBXBuildFile; fileRef = B91E9A5426C679F200C350FE /* Extension+UINib.swift */; };
		B9521B5426C846F10075FF6A /* FilterViewController.swift in Sources */ = {isa = PBXBuildFile; fileRef = B9521B5326C846F10075FF6A /* FilterViewController.swift */; };
		B97A705626C7D9D900D9741F /* PhotoDetailViewController.swift in Sources */ = {isa = PBXBuildFile; fileRef = B97A705526C7D9D900D9741F /* PhotoDetailViewController.swift */; };
		B9BEC87F26CBBB5700FC6ACB /* Extension+DateFormatter.swift in Sources */ = {isa = PBXBuildFile; fileRef = B9BEC87E26CBBB5700FC6ACB /* Extension+DateFormatter.swift */; };
		B9E7E6CA26C47B3700146732 /* AppDelegate.swift in Sources */ = {isa = PBXBuildFile; fileRef = B9E7E6C926C47B3700146732 /* AppDelegate.swift */; };
		B9E7E6CC26C47B3700146732 /* SceneDelegate.swift in Sources */ = {isa = PBXBuildFile; fileRef = B9E7E6CB26C47B3700146732 /* SceneDelegate.swift */; };
		B9E7E6CE26C47B3700146732 /* CuriosityViewController.swift in Sources */ = {isa = PBXBuildFile; fileRef = B9E7E6CD26C47B3700146732 /* CuriosityViewController.swift */; };
		B9E7E6D126C47B3700146732 /* Main.storyboard in Resources */ = {isa = PBXBuildFile; fileRef = B9E7E6CF26C47B3700146732 /* Main.storyboard */; };
		B9E7E6D326C47B3800146732 /* Assets.xcassets in Resources */ = {isa = PBXBuildFile; fileRef = B9E7E6D226C47B3800146732 /* Assets.xcassets */; };
		B9E7E6D626C47B3800146732 /* LaunchScreen.storyboard in Resources */ = {isa = PBXBuildFile; fileRef = B9E7E6D426C47B3800146732 /* LaunchScreen.storyboard */; };
		B9E7E6DE26C47BEE00146732 /* MainTabController.swift in Sources */ = {isa = PBXBuildFile; fileRef = B9E7E6DD26C47BEE00146732 /* MainTabController.swift */; };
		B9E7E6E026C47CD900146732 /* OpportunityViewController.swift in Sources */ = {isa = PBXBuildFile; fileRef = B9E7E6DF26C47CD900146732 /* OpportunityViewController.swift */; };
		B9E7E6E226C47D3900146732 /* SpiritViewController.swift in Sources */ = {isa = PBXBuildFile; fileRef = B9E7E6E126C47D3900146732 /* SpiritViewController.swift */; };
		B9E7E6E526C4818E00146732 /* Service.swift in Sources */ = {isa = PBXBuildFile; fileRef = B9E7E6E426C4818E00146732 /* Service.swift */; };
		B9E7E6E726C481A200146732 /* Constants.swift in Sources */ = {isa = PBXBuildFile; fileRef = B9E7E6E626C481A200146732 /* Constants.swift */; };
		B9FF58D326C9ED25001A4D05 /* Extension+UIViewController.swift in Sources */ = {isa = PBXBuildFile; fileRef = B9FF58D226C9ED25001A4D05 /* Extension+UIViewController.swift */; };
/* End PBXBuildFile section */

/* Begin PBXFileReference section */
		B90610DD26C5D8890089DAD1 /* RoverModel.swift */ = {isa = PBXFileReference; lastKnownFileType = sourcecode.swift; path = RoverModel.swift; sourceTree = "<group>"; };
		B90610E526C5EE670089DAD1 /* RoverCollectionViewCell.swift */ = {isa = PBXFileReference; lastKnownFileType = sourcecode.swift; path = RoverCollectionViewCell.swift; sourceTree = "<group>"; };
		B90610E626C5EE670089DAD1 /* RoverCollectionViewCell.xib */ = {isa = PBXFileReference; lastKnownFileType = file.xib; path = RoverCollectionViewCell.xib; sourceTree = "<group>"; };
		B91C8A0E26CB1DC600178EF4 /* Extension+URLComponents.swift */ = {isa = PBXFileReference; lastKnownFileType = sourcecode.swift; path = "Extension+URLComponents.swift"; sourceTree = "<group>"; };
		B91E9A5426C679F200C350FE /* Extension+UINib.swift */ = {isa = PBXFileReference; fileEncoding = 4; lastKnownFileType = sourcecode.swift; path = "Extension+UINib.swift"; sourceTree = "<group>"; };
		B9521B5326C846F10075FF6A /* FilterViewController.swift */ = {isa = PBXFileReference; fileEncoding = 4; lastKnownFileType = sourcecode.swift; path = FilterViewController.swift; sourceTree = "<group>"; };
		B97A705526C7D9D900D9741F /* PhotoDetailViewController.swift */ = {isa = PBXFileReference; lastKnownFileType = sourcecode.swift; path = PhotoDetailViewController.swift; sourceTree = "<group>"; };
		B9BEC87E26CBBB5700FC6ACB /* Extension+DateFormatter.swift */ = {isa = PBXFileReference; lastKnownFileType = sourcecode.swift; path = "Extension+DateFormatter.swift"; sourceTree = "<group>"; };
		B9E7E6C626C47B3700146732 /* AppcentCase.app */ = {isa = PBXFileReference; explicitFileType = wrapper.application; includeInIndex = 0; path = AppcentCase.app; sourceTree = BUILT_PRODUCTS_DIR; };
		B9E7E6C926C47B3700146732 /* AppDelegate.swift */ = {isa = PBXFileReference; lastKnownFileType = sourcecode.swift; path = AppDelegate.swift; sourceTree = "<group>"; };
		B9E7E6CB26C47B3700146732 /* SceneDelegate.swift */ = {isa = PBXFileReference; lastKnownFileType = sourcecode.swift; path = SceneDelegate.swift; sourceTree = "<group>"; };
		B9E7E6CD26C47B3700146732 /* CuriosityViewController.swift */ = {isa = PBXFileReference; lastKnownFileType = sourcecode.swift; path = CuriosityViewController.swift; sourceTree = "<group>"; };
		B9E7E6D026C47B3700146732 /* Base */ = {isa = PBXFileReference; lastKnownFileType = file.storyboard; name = Base; path = Base.lproj/Main.storyboard; sourceTree = "<group>"; };
		B9E7E6D226C47B3800146732 /* Assets.xcassets */ = {isa = PBXFileReference; lastKnownFileType = folder.assetcatalog; path = Assets.xcassets; sourceTree = "<group>"; };
		B9E7E6D526C47B3800146732 /* Base */ = {isa = PBXFileReference; lastKnownFileType = file.storyboard; name = Base; path = Base.lproj/LaunchScreen.storyboard; sourceTree = "<group>"; };
		B9E7E6D726C47B3800146732 /* Info.plist */ = {isa = PBXFileReference; lastKnownFileType = text.plist.xml; path = Info.plist; sourceTree = "<group>"; };
		B9E7E6DD26C47BEE00146732 /* MainTabController.swift */ = {isa = PBXFileReference; fileEncoding = 4; lastKnownFileType = sourcecode.swift; path = MainTabController.swift; sourceTree = "<group>"; };
		B9E7E6DF26C47CD900146732 /* OpportunityViewController.swift */ = {isa = PBXFileReference; lastKnownFileType = sourcecode.swift; path = OpportunityViewController.swift; sourceTree = "<group>"; };
		B9E7E6E126C47D3900146732 /* SpiritViewController.swift */ = {isa = PBXFileReference; lastKnownFileType = sourcecode.swift; path = SpiritViewController.swift; sourceTree = "<group>"; };
		B9E7E6E426C4818E00146732 /* Service.swift */ = {isa = PBXFileReference; lastKnownFileType = sourcecode.swift; path = Service.swift; sourceTree = "<group>"; };
		B9E7E6E626C481A200146732 /* Constants.swift */ = {isa = PBXFileReference; lastKnownFileType = sourcecode.swift; path = Constants.swift; sourceTree = "<group>"; };
		B9FF58D226C9ED25001A4D05 /* Extension+UIViewController.swift */ = {isa = PBXFileReference; lastKnownFileType = sourcecode.swift; path = "Extension+UIViewController.swift"; sourceTree = "<group>"; };
/* End PBXFileReference section */

/* Begin PBXFrameworksBuildPhase section */
		B9E7E6C326C47B3700146732 /* Frameworks */ = {
			isa = PBXFrameworksBuildPhase;
			buildActionMask = 2147483647;
			files = (
				B90610E426C5E5280089DAD1 /* Kingfisher in Frameworks */,
				B90610E126C5DDC00089DAD1 /* Alamofire in Frameworks */,
			);
			runOnlyForDeploymentPostprocessing = 0;
		};
/* End PBXFrameworksBuildPhase section */

/* Begin PBXGroup section */
		B90610DC26C5D86D0089DAD1 /* Model */ = {
			isa = PBXGroup;
			children = (
				B90610DD26C5D8890089DAD1 /* RoverModel.swift */,
			);
			path = Model;
			sourceTree = "<group>";
		};
		B9E7E6BD26C47B3700146732 = {
			isa = PBXGroup;
			children = (
				B9E7E6C826C47B3700146732 /* AppcentCase */,
				B9E7E6C726C47B3700146732 /* Products */,
			);
			sourceTree = "<group>";
		};
		B9E7E6C726C47B3700146732 /* Products */ = {
			isa = PBXGroup;
			children = (
				B9E7E6C626C47B3700146732 /* AppcentCase.app */,
			);
			name = Products;
			sourceTree = "<group>";
		};
		B9E7E6C826C47B3700146732 /* AppcentCase */ = {
			isa = PBXGroup;
			children = (
				B9FF58D126C9ECFA001A4D05 /* Helpers */,
				B9FF58D026C9ECEA001A4D05 /* Views */,
				B90610DC26C5D86D0089DAD1 /* Model */,
				B9E7E6E326C47D4700146732 /* Controllers */,
				B9E7E6C926C47B3700146732 /* AppDelegate.swift */,
				B9E7E6CB26C47B3700146732 /* SceneDelegate.swift */,
				B9E7E6D226C47B3800146732 /* Assets.xcassets */,
				B9E7E6D426C47B3800146732 /* LaunchScreen.storyboard */,
				B9E7E6D726C47B3800146732 /* Info.plist */,
			);
			path = AppcentCase;
			sourceTree = "<group>";
		};
		B9E7E6E326C47D4700146732 /* Controllers */ = {
			isa = PBXGroup;
			children = (
				B9E7E6DD26C47BEE00146732 /* MainTabController.swift */,
				B9E7E6CD26C47B3700146732 /* CuriosityViewController.swift */,
				B9E7E6DF26C47CD900146732 /* OpportunityViewController.swift */,
				B9E7E6E126C47D3900146732 /* SpiritViewController.swift */,
				B97A705526C7D9D900D9741F /* PhotoDetailViewController.swift */,
				B9521B5326C846F10075FF6A /* FilterViewController.swift */,
			);
			path = Controllers;
			sourceTree = "<group>";
		};
		B9FF58D026C9ECEA001A4D05 /* Views */ = {
			isa = PBXGroup;
			children = (
				B90610E526C5EE670089DAD1 /* RoverCollectionViewCell.swift */,
				B90610E626C5EE670089DAD1 /* RoverCollectionViewCell.xib */,
				B9E7E6CF26C47B3700146732 /* Main.storyboard */,
			);
			path = Views;
			sourceTree = "<group>";
		};
		B9FF58D126C9ECFA001A4D05 /* Helpers */ = {
			isa = PBXGroup;
			children = (
				B9E7E6E426C4818E00146732 /* Service.swift */,
				B91E9A5426C679F200C350FE /* Extension+UINib.swift */,
				B9E7E6E626C481A200146732 /* Constants.swift */,
				B9FF58D226C9ED25001A4D05 /* Extension+UIViewController.swift */,
				B91C8A0E26CB1DC600178EF4 /* Extension+URLComponents.swift */,
				B9BEC87E26CBBB5700FC6ACB /* Extension+DateFormatter.swift */,
			);
			path = Helpers;
			sourceTree = "<group>";
		};
/* End PBXGroup section */

/* Begin PBXNativeTarget section */
		B9E7E6C526C47B3700146732 /* AppcentCase */ = {
			isa = PBXNativeTarget;
			buildConfigurationList = B9E7E6DA26C47B3800146732 /* Build configuration list for PBXNativeTarget "AppcentCase" */;
			buildPhases = (
				B9E7E6C226C47B3700146732 /* Sources */,
				B9E7E6C326C47B3700146732 /* Frameworks */,
				B9E7E6C426C47B3700146732 /* Resources */,
			);
			buildRules = (
			);
			dependencies = (
			);
			name = AppcentCase;
			packageProductDependencies = (
				B90610E026C5DDC00089DAD1 /* Alamofire */,
				B90610E326C5E5280089DAD1 /* Kingfisher */,
			);
			productName = AppcentCase;
			productReference = B9E7E6C626C47B3700146732 /* AppcentCase.app */;
			productType = "com.apple.product-type.application";
		};
/* End PBXNativeTarget section */

/* Begin PBXProject section */
		B9E7E6BE26C47B3700146732 /* Project object */ = {
			isa = PBXProject;
			attributes = {
				LastSwiftUpdateCheck = 1250;
				LastUpgradeCheck = 1250;
				TargetAttributes = {
					B9E7E6C526C47B3700146732 = {
						CreatedOnToolsVersion = 12.5;
					};
				};
			};
			buildConfigurationList = B9E7E6C126C47B3700146732 /* Build configuration list for PBXProject "AppcentCase" */;
			compatibilityVersion = "Xcode 9.3";
			developmentRegion = en;
			hasScannedForEncodings = 0;
			knownRegions = (
				en,
				Base,
			);
			mainGroup = B9E7E6BD26C47B3700146732;
			packageReferences = (
				B90610DF26C5DDC00089DAD1 /* XCRemoteSwiftPackageReference "Alamofire" */,
				B90610E226C5E5280089DAD1 /* XCRemoteSwiftPackageReference "Kingfisher" */,
			);
			productRefGroup = B9E7E6C726C47B3700146732 /* Products */;
			projectDirPath = "";
			projectRoot = "";
			targets = (
				B9E7E6C526C47B3700146732 /* AppcentCase */,
			);
		};
/* End PBXProject section */

/* Begin PBXResourcesBuildPhase section */
		B9E7E6C426C47B3700146732 /* Resources */ = {
			isa = PBXResourcesBuildPhase;
			buildActionMask = 2147483647;
			files = (
				B9E7E6D626C47B3800146732 /* LaunchScreen.storyboard in Resources */,
				B90610E826C5EE670089DAD1 /* RoverCollectionViewCell.xib in Resources */,
				B9E7E6D326C47B3800146732 /* Assets.xcassets in Resources */,
				B9E7E6D126C47B3700146732 /* Main.storyboard in Resources */,
			);
			runOnlyForDeploymentPostprocessing = 0;
		};
/* End PBXResourcesBuildPhase section */

/* Begin PBXSourcesBuildPhase section */
		B9E7E6C226C47B3700146732 /* Sources */ = {
			isa = PBXSourcesBuildPhase;
			buildActionMask = 2147483647;
			files = (
				B90610DE26C5D8890089DAD1 /* RoverModel.swift in Sources */,
				B9E7E6CE26C47B3700146732 /* CuriosityViewController.swift in Sources */,
				B9BEC87F26CBBB5700FC6ACB /* Extension+DateFormatter.swift in Sources */,
				B9E7E6E526C4818E00146732 /* Service.swift in Sources */,
				B91E9A5526C679F300C350FE /* Extension+UINib.swift in Sources */,
				B9E7E6E226C47D3900146732 /* SpiritViewController.swift in Sources */,
				B9E7E6CA26C47B3700146732 /* AppDelegate.swift in Sources */,
				B97A705626C7D9D900D9741F /* PhotoDetailViewController.swift in Sources */,
				B9521B5426C846F10075FF6A /* FilterViewController.swift in Sources */,
				B9FF58D326C9ED25001A4D05 /* Extension+UIViewController.swift in Sources */,
				B9E7E6DE26C47BEE00146732 /* MainTabController.swift in Sources */,
				B9E7E6CC26C47B3700146732 /* SceneDelegate.swift in Sources */,
				B90610E726C5EE670089DAD1 /* RoverCollectionViewCell.swift in Sources */,
				B9E7E6E026C47CD900146732 /* OpportunityViewController.swift in Sources */,
				B91C8A0F26CB1DC600178EF4 /* Extension+URLComponents.swift in Sources */,
				B9E7E6E726C481A200146732 /* Constants.swift in Sources */,
			);
			runOnlyForDeploymentPostprocessing = 0;
		};
/* End PBXSourcesBuildPhase section */

/* Begin PBXVariantGroup section */
		B9E7E6CF26C47B3700146732 /* Main.storyboard */ = {
			isa = PBXVariantGroup;
			children = (
				B9E7E6D026C47B3700146732 /* Base */,
			);
			name = Main.storyboard;
			sourceTree = "<group>";
		};
		B9E7E6D426C47B3800146732 /* LaunchScreen.storyboard */ = {
			isa = PBXVariantGroup;
			children = (
				B9E7E6D526C47B3800146732 /* Base */,
			);
			name = LaunchScreen.storyboard;
			sourceTree = "<group>";
		};
/* End PBXVariantGroup section */

/* Begin XCBuildConfiguration section */
		B9E7E6D826C47B3800146732 /* Debug */ = {
			isa = XCBuildConfiguration;
			buildSettings = {
				ALWAYS_SEARCH_USER_PATHS = NO;
				CLANG_ANALYZER_NONNULL = YES;
				CLANG_ANALYZER_NUMBER_OBJECT_CONVERSION = YES_AGGRESSIVE;
				CLANG_CXX_LANGUAGE_STANDARD = "gnu++14";
				CLANG_CXX_LIBRARY = "libc++";
				CLANG_ENABLE_MODULES = YES;
				CLANG_ENABLE_OBJC_ARC = YES;
				CLANG_ENABLE_OBJC_WEAK = YES;
				CLANG_WARN_BLOCK_CAPTURE_AUTORELEASING = YES;
				CLANG_WARN_BOOL_CONVERSION = YES;
				CLANG_WARN_COMMA = YES;
				CLANG_WARN_CONSTANT_CONVERSION = YES;
				CLANG_WARN_DEPRECATED_OBJC_IMPLEMENTATIONS = YES;
				CLANG_WARN_DIRECT_OBJC_ISA_USAGE = YES_ERROR;
				CLANG_WARN_DOCUMENTATION_COMMENTS = YES;
				CLANG_WARN_EMPTY_BODY = YES;
				CLANG_WARN_ENUM_CONVERSION = YES;
				CLANG_WARN_INFINITE_RECURSION = YES;
				CLANG_WARN_INT_CONVERSION = YES;
				CLANG_WARN_NON_LITERAL_NULL_CONVERSION = YES;
				CLANG_WARN_OBJC_IMPLICIT_RETAIN_SELF = YES;
				CLANG_WARN_OBJC_LITERAL_CONVERSION = YES;
				CLANG_WARN_OBJC_ROOT_CLASS = YES_ERROR;
				CLANG_WARN_QUOTED_INCLUDE_IN_FRAMEWORK_HEADER = YES;
				CLANG_WARN_RANGE_LOOP_ANALYSIS = YES;
				CLANG_WARN_STRICT_PROTOTYPES = YES;
				CLANG_WARN_SUSPICIOUS_MOVE = YES;
				CLANG_WARN_UNGUARDED_AVAILABILITY = YES_AGGRESSIVE;
				CLANG_WARN_UNREACHABLE_CODE = YES;
				CLANG_WARN__DUPLICATE_METHOD_MATCH = YES;
				COPY_PHASE_STRIP = NO;
				DEBUG_INFORMATION_FORMAT = dwarf;
				ENABLE_STRICT_OBJC_MSGSEND = YES;
				ENABLE_TESTABILITY = YES;
				GCC_C_LANGUAGE_STANDARD = gnu11;
				GCC_DYNAMIC_NO_PIC = NO;
				GCC_NO_COMMON_BLOCKS = YES;
				GCC_OPTIMIZATION_LEVEL = 0;
				GCC_PREPROCESSOR_DEFINITIONS = (
					"DEBUG=1",
					"$(inherited)",
				);
				GCC_WARN_64_TO_32_BIT_CONVERSION = YES;
				GCC_WARN_ABOUT_RETURN_TYPE = YES_ERROR;
				GCC_WARN_UNDECLARED_SELECTOR = YES;
				GCC_WARN_UNINITIALIZED_AUTOS = YES_AGGRESSIVE;
				GCC_WARN_UNUSED_FUNCTION = YES;
				GCC_WARN_UNUSED_VARIABLE = YES;
				IPHONEOS_DEPLOYMENT_TARGET = 14.5;
				MTL_ENABLE_DEBUG_INFO = INCLUDE_SOURCE;
				MTL_FAST_MATH = YES;
				ONLY_ACTIVE_ARCH = YES;
				SDKROOT = iphoneos;
				SWIFT_ACTIVE_COMPILATION_CONDITIONS = DEBUG;
				SWIFT_OPTIMIZATION_LEVEL = "-Onone";
			};
			name = Debug;
		};
		B9E7E6D926C47B3800146732 /* Release */ = {
			isa = XCBuildConfiguration;
			buildSettings = {
				ALWAYS_SEARCH_USER_PATHS = NO;
				CLANG_ANALYZER_NONNULL = YES;
				CLANG_ANALYZER_NUMBER_OBJECT_CONVERSION = YES_AGGRESSIVE;
				CLANG_CXX_LANGUAGE_STANDARD = "gnu++14";
				CLANG_CXX_LIBRARY = "libc++";
				CLANG_ENABLE_MODULES = YES;
				CLANG_ENABLE_OBJC_ARC = YES;
				CLANG_ENABLE_OBJC_WEAK = YES;
				CLANG_WARN_BLOCK_CAPTURE_AUTORELEASING = YES;
				CLANG_WARN_BOOL_CONVERSION = YES;
				CLANG_WARN_COMMA = YES;
				CLANG_WARN_CONSTANT_CONVERSION = YES;
				CLANG_WARN_DEPRECATED_OBJC_IMPLEMENTATIONS = YES;
				CLANG_WARN_DIRECT_OBJC_ISA_USAGE = YES_ERROR;
				CLANG_WARN_DOCUMENTATION_COMMENTS = YES;
				CLANG_WARN_EMPTY_BODY = YES;
				CLANG_WARN_ENUM_CONVERSION = YES;
				CLANG_WARN_INFINITE_RECURSION = YES;
				CLANG_WARN_INT_CONVERSION = YES;
				CLANG_WARN_NON_LITERAL_NULL_CONVERSION = YES;
				CLANG_WARN_OBJC_IMPLICIT_RETAIN_SELF = YES;
				CLANG_WARN_OBJC_LITERAL_CONVERSION = YES;
				CLANG_WARN_OBJC_ROOT_CLASS = YES_ERROR;
				CLANG_WARN_QUOTED_INCLUDE_IN_FRAMEWORK_HEADER = YES;
				CLANG_WARN_RANGE_LOOP_ANALYSIS = YES;
				CLANG_WARN_STRICT_PROTOTYPES = YES;
				CLANG_WARN_SUSPICIOUS_MOVE = YES;
				CLANG_WARN_UNGUARDED_AVAILABILITY = YES_AGGRESSIVE;
				CLANG_WARN_UNREACHABLE_CODE = YES;
				CLANG_WARN__DUPLICATE_METHOD_MATCH = YES;
				COPY_PHASE_STRIP = NO;
				DEBUG_INFORMATION_FORMAT = "dwarf-with-dsym";
				ENABLE_NS_ASSERTIONS = NO;
				ENABLE_STRICT_OBJC_MSGSEND = YES;
				GCC_C_LANGUAGE_STANDARD = gnu11;
				GCC_NO_COMMON_BLOCKS = YES;
				GCC_WARN_64_TO_32_BIT_CONVERSION = YES;
				GCC_WARN_ABOUT_RETURN_TYPE = YES_ERROR;
				GCC_WARN_UNDECLARED_SELECTOR = YES;
				GCC_WARN_UNINITIALIZED_AUTOS = YES_AGGRESSIVE;
				GCC_WARN_UNUSED_FUNCTION = YES;
				GCC_WARN_UNUSED_VARIABLE = YES;
				IPHONEOS_DEPLOYMENT_TARGET = 14.5;
				MTL_ENABLE_DEBUG_INFO = NO;
				MTL_FAST_MATH = YES;
				SDKROOT = iphoneos;
				SWIFT_COMPILATION_MODE = wholemodule;
				SWIFT_OPTIMIZATION_LEVEL = "-O";
				VALIDATE_PRODUCT = YES;
			};
			name = Release;
		};
		B9E7E6DB26C47B3800146732 /* Debug */ = {
			isa = XCBuildConfiguration;
			buildSettings = {
				ASSETCATALOG_COMPILER_APPICON_NAME = AppIcon;
				ASSETCATALOG_COMPILER_GLOBAL_ACCENT_COLOR_NAME = AccentColor;
				CODE_SIGN_STYLE = Automatic;
				DEVELOPMENT_TEAM = WKZGS852Y3;
				INFOPLIST_FILE = AppcentCase/Info.plist;
				LD_RUNPATH_SEARCH_PATHS = (
					"$(inherited)",
					"@executable_path/Frameworks",
				);
				PRODUCT_BUNDLE_IDENTIFIER = com.demirhanoguz.AppcentCase;
				PRODUCT_NAME = "$(TARGET_NAME)";
				SWIFT_VERSION = 5.0;
				TARGETED_DEVICE_FAMILY = "1,2";
			};
			name = Debug;
		};
		B9E7E6DC26C47B3800146732 /* Release */ = {
			isa = XCBuildConfiguration;
			buildSettings = {
				ASSETCATALOG_COMPILER_APPICON_NAME = AppIcon;
				ASSETCATALOG_COMPILER_GLOBAL_ACCENT_COLOR_NAME = AccentColor;
				CODE_SIGN_STYLE = Automatic;
				DEVELOPMENT_TEAM = WKZGS852Y3;
				INFOPLIST_FILE = AppcentCase/Info.plist;
				LD_RUNPATH_SEARCH_PATHS = (
					"$(inherited)",
					"@executable_path/Frameworks",
				);
				PRODUCT_BUNDLE_IDENTIFIER = com.demirhanoguz.AppcentCase;
				PRODUCT_NAME = "$(TARGET_NAME)";
				SWIFT_VERSION = 5.0;
				TARGETED_DEVICE_FAMILY = "1,2";
			};
			name = Release;
		};
/* End XCBuildConfiguration section */

/* Begin XCConfigurationList section */
		B9E7E6C126C47B3700146732 /* Build configuration list for PBXProject "AppcentCase" */ = {
			isa = XCConfigurationList;
			buildConfigurations = (
				B9E7E6D826C47B3800146732 /* Debug */,
				B9E7E6D926C47B3800146732 /* Release */,
			);
			defaultConfigurationIsVisible = 0;
			defaultConfigurationName = Release;
		};
		B9E7E6DA26C47B3800146732 /* Build configuration list for PBXNativeTarget "AppcentCase" */ = {
			isa = XCConfigurationList;
			buildConfigurations = (
				B9E7E6DB26C47B3800146732 /* Debug */,
				B9E7E6DC26C47B3800146732 /* Release */,
			);
			defaultConfigurationIsVisible = 0;
			defaultConfigurationName = Release;
		};
/* End XCConfigurationList section */

/* Begin XCRemoteSwiftPackageReference section */
		B90610DF26C5DDC00089DAD1 /* XCRemoteSwiftPackageReference "Alamofire" */ = {
			isa = XCRemoteSwiftPackageReference;
			repositoryURL = "https://github.com/Alamofire/Alamofire";
			requirement = {
				kind = upToNextMajorVersion;
				minimumVersion = 5.4.3;
			};
		};
		B90610E226C5E5280089DAD1 /* XCRemoteSwiftPackageReference "Kingfisher" */ = {
			isa = XCRemoteSwiftPackageReference;
			repositoryURL = "https://github.com/onevcat/Kingfisher";
			requirement = {
				kind = upToNextMajorVersion;
				minimumVersion = 6.3.1;
			};
		};
/* End XCRemoteSwiftPackageReference section */

/* Begin XCSwiftPackageProductDependency section */
		B90610E026C5DDC00089DAD1 /* Alamofire */ = {
			isa = XCSwiftPackageProductDependency;
			package = B90610DF26C5DDC00089DAD1 /* XCRemoteSwiftPackageReference "Alamofire" */;
			productName = Alamofire;
		};
		B90610E326C5E5280089DAD1 /* Kingfisher */ = {
			isa = XCSwiftPackageProductDependency;
			package = B90610E226C5E5280089DAD1 /* XCRemoteSwiftPackageReference "Kingfisher" */;
			productName = Kingfisher;
		};
/* End XCSwiftPackageProductDependency section */
	};
	rootObject = B9E7E6BE26C47B3700146732 /* Project object */;
}
